
Microsoft Visual Studio Solution File, Format Version 12.00
# Visual Studio Version 17
VisualStudioVersion = 17.9.34607.119
MinimumVisualStudioVersion = 10.0.40219.1
Project("{FAE04EC0-301F-11D3-BF4B-00C04F79EFBC}") = "NoLateNotification", "NoLateNotification\NoLateNotification.csproj", "{EA8F041B-D11F-422A-B9AE-5FF7CEA46C0A}"
EndProject
Global
	GlobalSection(SolutionConfigurationPlatforms) = preSolution
		Debug|Any CPU = Debug|Any CPU
		Release|Any CPU = Release|Any CPU
	EndGlobalSection
	GlobalSection(ProjectConfigurationPlatforms) = postSolution
		{EA8F041B-D11F-422A-B9AE-5FF7CEA46C0A}.Debug|Any CPU.ActiveCfg = Debug|Any CPU
		{EA8F041B-D11F-422A-B9AE-5FF7CEA46C0A}.Debug|Any CPU.Build.0 = Debug|Any CPU
		{EA8F041B-D11F-422A-B9AE-5FF7CEA46C0A}.Release|Any CPU.ActiveCfg = Release|Any CPU
		{EA8F041B-D11F-422A-B9AE-5FF7CEA46C0A}.Release|Any CPU.Build.0 = Release|Any CPU
	EndGlobalSection
	GlobalSection(SolutionProperties) = preSolution
		HideSolutionNode = FALSE
	EndGlobalSection
	GlobalSection(ExtensibilityGlobals) = postSolution
		SolutionGuid = {7E540B0A-6A59-4596-9FC8-64E7B702D45A}
	EndGlobalSection
EndGlobal
